
Microsoft Visual Studio Solution File, Format Version 12.00
# Visual Studio 15
VisualStudioVersion = 15.0.27703.2018
MinimumVisualStudioVersion = 10.0.40219.1
Project("{FAE04EC0-301F-11D3-BF4B-00C04F79EFBC}") = "Asynchronous", "Asynchronous\Asynchronous.csproj", "{FF818285-788F-459B-8BCE-6B58771A4F61}"
EndProject
Global
	GlobalSection(SolutionConfigurationPlatforms) = preSolution
		Debug|Any CPU = Debug|Any CPU
		Release|Any CPU = Release|Any CPU
	EndGlobalSection
	GlobalSection(ProjectConfigurationPlatforms) = postSolution
		{FF818285-788F-459B-8BCE-6B58771A4F61}.Debug|Any CPU.ActiveCfg = Debug|Any CPU
		{FF818285-788F-459B-8BCE-6B58771A4F61}.Debug|Any CPU.Build.0 = Debug|Any CPU
		{FF818285-788F-459B-8BCE-6B58771A4F61}.Release|Any CPU.ActiveCfg = Release|Any CPU
		{FF818285-788F-459B-8BCE-6B58771A4F61}.Release|Any CPU.Build.0 = Release|Any CPU
	EndGlobalSection
	GlobalSection(SolutionProperties) = preSolution
		HideSolutionNode = FALSE
	EndGlobalSection
	GlobalSection(ExtensibilityGlobals) = postSolution
		SolutionGuid = {897CD10E-DB1F-40F6-A35B-FCFDA20F59DC}
	EndGlobalSection
EndGlobal
